
Microsoft Visual Studio Solution File, Format Version 12.00
# Visual Studio Version 16
VisualStudioVersion = 16.0.30621.155
MinimumVisualStudioVersion = 10.0.40219.1
Project("{FAE04EC0-301F-11D3-BF4B-00C04F79EFBC}") = "CndXML", "CndXML\CndXML.csproj", "{EA176586-DA95-485C-9A62-ECA1AD6C782B}"
EndProject
Global
	GlobalSection(SolutionConfigurationPlatforms) = preSolution
		Debug|Any CPU = Debug|Any CPU
		Release|Any CPU = Release|Any CPU
	EndGlobalSection
	GlobalSection(ProjectConfigurationPlatforms) = postSolution
		{EA176586-DA95-485C-9A62-ECA1AD6C782B}.Debug|Any CPU.ActiveCfg = Debug|Any CPU
		{EA176586-DA95-485C-9A62-ECA1AD6C782B}.Debug|Any CPU.Build.0 = Debug|Any CPU
		{EA176586-DA95-485C-9A62-ECA1AD6C782B}.Release|Any CPU.ActiveCfg = Release|Any CPU
		{EA176586-DA95-485C-9A62-ECA1AD6C782B}.Release|Any CPU.Build.0 = Release|Any CPU
	EndGlobalSection
	GlobalSection(SolutionProperties) = preSolution
		HideSolutionNode = FALSE
	EndGlobalSection
	GlobalSection(ExtensibilityGlobals) = postSolution
		SolutionGuid = {B4CA0D1C-B399-4AC4-BAAD-1ED080D4D77B}
	EndGlobalSection
EndGlobal
